// !$*UTF8*$!
{
	archiveVersion = 1;
	classes = {
	};
	objectVersion = 46;
	objects = {

/* Begin PBXBuildFile section */
		E4E2636C1E50BF1B00A9825A /* AppDelegate.swift in Sources */ = {isa = PBXBuildFile; fileRef = E4E2636B1E50BF1B00A9825A /* AppDelegate.swift */; };
		E4E2636E1E50BF1B00A9825A /* ViewController.swift in Sources */ = {isa = PBXBuildFile; fileRef = E4E2636D1E50BF1B00A9825A /* ViewController.swift */; };
		E4E263711E50BF1B00A9825A /* Main.storyboard in Resources */ = {isa = PBXBuildFile; fileRef = E4E2636F1E50BF1B00A9825A /* Main.storyboard */; };
		E4E263741E50BF1B00A9825A /* ShakeMeSillyGame.xcdatamodeld in Sources */ = {isa = PBXBuildFile; fileRef = E4E263721E50BF1B00A9825A /* ShakeMeSillyGame.xcdatamodeld */; };
		E4E263761E50BF1B00A9825A /* Assets.xcassets in Resources */ = {isa = PBXBuildFile; fileRef = E4E263751E50BF1B00A9825A /* Assets.xcassets */; };
		E4E263791E50BF1B00A9825A /* LaunchScreen.storyboard in Resources */ = {isa = PBXBuildFile; fileRef = E4E263771E50BF1B00A9825A /* LaunchScreen.storyboard */; };
		E4E263811E50BF8600A9825A /* edosz.ttf in Resources */ = {isa = PBXBuildFile; fileRef = E4E263801E50BF8600A9825A /* edosz.ttf */; };
/* End PBXBuildFile section */

/* Begin PBXFileReference section */
		E4E263681E50BF1B00A9825A /* ShakeMeSillyGame.app */ = {isa = PBXFileReference; explicitFileType = wrapper.application; includeInIndex = 0; path = ShakeMeSillyGame.app; sourceTree = BUILT_PRODUCTS_DIR; };
		E4E2636B1E50BF1B00A9825A /* AppDelegate.swift */ = {isa = PBXFileReference; lastKnownFileType = sourcecode.swift; path = AppDelegate.swift; sourceTree = "<group>"; };
		E4E2636D1E50BF1B00A9825A /* ViewController.swift */ = {isa = PBXFileReference; lastKnownFileType = sourcecode.swift; path = ViewController.swift; sourceTree = "<group>"; };
		E4E263701E50BF1B00A9825A /* Base */ = {isa = PBXFileReference; lastKnownFileType = file.storyboard; name = Base; path = Base.lproj/Main.storyboard; sourceTree = "<group>"; };
		E4E263731E50BF1B00A9825A /* ShakeMeSillyGame.xcdatamodel */ = {isa = PBXFileReference; lastKnownFileType = wrapper.xcdatamodel; path = ShakeMeSillyGame.xcdatamodel; sourceTree = "<group>"; };
		E4E263751E50BF1B00A9825A /* Assets.xcassets */ = {isa = PBXFileReference; lastKnownFileType = folder.assetcatalog; path = Assets.xcassets; sourceTree = "<group>"; };
		E4E263781E50BF1B00A9825A /* Base */ = {isa = PBXFileReference; lastKnownFileType = file.storyboard; name = Base; path = Base.lproj/LaunchScreen.storyboard; sourceTree = "<group>"; };
		E4E2637A1E50BF1B00A9825A /* Info.plist */ = {isa = PBXFileReference; lastKnownFileType = text.plist.xml; path = Info.plist; sourceTree = "<group>"; };
		E4E263801E50BF8600A9825A /* edosz.ttf */ = {isa = PBXFileReference; lastKnownFileType = file; path = edosz.ttf; sourceTree = "<group>"; };
/* End PBXFileReference section */

/* Begin PBXFrameworksBuildPhase section */
		E4E263651E50BF1A00A9825A /* Frameworks */ = {
			isa = PBXFrameworksBuildPhase;
			buildActionMask = 2147483647;
			files = (
			);
			runOnlyForDeploymentPostprocessing = 0;
		};
/* End PBXFrameworksBuildPhase section */

/* Begin PBXGroup section */
		E4E2635F1E50BF1A00A9825A = {
			isa = PBXGroup;
			children = (
				E4E2636A1E50BF1B00A9825A /* ShakeMeSillyGame */,
				E4E263691E50BF1B00A9825A /* Products */,
			);
			sourceTree = "<group>";
		};
		E4E263691E50BF1B00A9825A /* Products */ = {
			isa = PBXGroup;
			children = (
				E4E263681E50BF1B00A9825A /* ShakeMeSillyGame.app */,
			);
			name = Products;
			sourceTree = "<group>";
		};
		E4E2636A1E50BF1B00A9825A /* ShakeMeSillyGame */ = {
			isa = PBXGroup;
			children = (
				E4E2636B1E50BF1B00A9825A /* AppDelegate.swift */,
				E4E2636D1E50BF1B00A9825A /* ViewController.swift */,
				E4E2636F1E50BF1B00A9825A /* Main.storyboard */,
				E4E263801E50BF8600A9825A /* edosz.ttf */,
				E4E263751E50BF1B00A9825A /* Assets.xcassets */,
				E4E263771E50BF1B00A9825A /* LaunchScreen.storyboard */,
				E4E2637A1E50BF1B00A9825A /* Info.plist */,
				E4E263721E50BF1B00A9825A /* ShakeMeSillyGame.xcdatamodeld */,
			);
			path = ShakeMeSillyGame;
			sourceTree = "<group>";
		};
/* End PBXGroup section */

/* Begin PBXNativeTarget section */
		E4E263671E50BF1A00A9825A /* ShakeMeSillyGame */ = {
			isa = PBXNativeTarget;
			buildConfigurationList = E4E2637D1E50BF1B00A9825A /* Build configuration list for PBXNativeTarget "ShakeMeSillyGame" */;
			buildPhases = (
				E4E263641E50BF1A00A9825A /* Sources */,
				E4E263651E50BF1A00A9825A /* Frameworks */,
				E4E263661E50BF1A00A9825A /* Resources */,
			);
			buildRules = (
			);
			dependencies = (
			);
			name = ShakeMeSillyGame;
			productName = ShakeMeSillyGame;
			productReference = E4E263681E50BF1B00A9825A /* ShakeMeSillyGame.app */;
			productType = "com.apple.product-type.application";
		};
/* End PBXNativeTarget section */

/* Begin PBXProject section */
		E4E263601E50BF1A00A9825A /* Project object */ = {
			isa = PBXProject;
			attributes = {
				LastSwiftUpdateCheck = 0820;
				LastUpgradeCheck = 0820;
				ORGANIZATIONNAME = "Shane Noonan";
				TargetAttributes = {
					E4E263671E50BF1A00A9825A = {
						CreatedOnToolsVersion = 8.2.1;
						DevelopmentTeam = SVB42GEJG6;
						ProvisioningStyle = Automatic;
					};
				};
			};
			buildConfigurationList = E4E263631E50BF1A00A9825A /* Build configuration list for PBXProject "ShakeMeSillyGame" */;
			compatibilityVersion = "Xcode 3.2";
			developmentRegion = English;
			hasScannedForEncodings = 0;
			knownRegions = (
				en,
				Base,
			);
			mainGroup = E4E2635F1E50BF1A00A9825A;
			productRefGroup = E4E263691E50BF1B00A9825A /* Products */;
			projectDirPath = "";
			projectRoot = "";
			targets = (
				E4E263671E50BF1A00A9825A /* ShakeMeSillyGame */,
			);
		};
/* End PBXProject section */

/* Begin PBXResourcesBuildPhase section */
		E4E263661E50BF1A00A9825A /* Resources */ = {
			isa = PBXResourcesBuildPhase;
			buildActionMask = 2147483647;
			files = (
				E4E263791E50BF1B00A9825A /* LaunchScreen.storyboard in Resources */,
				E4E263761E50BF1B00A9825A /* Assets.xcassets in Resources */,
				E4E263811E50BF8600A9825A /* edosz.ttf in Resources */,
				E4E263711E50BF1B00A9825A /* Main.storyboard in Resources */,
			);
			runOnlyForDeploymentPostprocessing = 0;
		};
/* End PBXResourcesBuildPhase section */

/* Begin PBXSourcesBuildPhase section */
		E4E263641E50BF1A00A9825A /* Sources */ = {
			isa = PBXSourcesBuildPhase;
			buildActionMask = 2147483647;
			files = (
				E4E2636E1E50BF1B00A9825A /* ViewController.swift in Sources */,
				E4E2636C1E50BF1B00A9825A /* AppDelegate.swift in Sources */,
				E4E263741E50BF1B00A9825A /* ShakeMeSillyGame.xcdatamodeld in Sources */,
			);
			runOnlyForDeploymentPostprocessing = 0;
		};
/* End PBXSourcesBuildPhase section */

/* Begin PBXVariantGroup section */
		E4E2636F1E50BF1B00A9825A /* Main.storyboard */ = {
			isa = PBXVariantGroup;
			children = (
				E4E263701E50BF1B00A9825A /* Base */,
			);
			name = Main.storyboard;
			sourceTree = "<group>";
		};
		E4E263771E50BF1B00A9825A /* LaunchScreen.storyboard */ = {
			isa = PBXVariantGroup;
			children = (
				E4E263781E50BF1B00A9825A /* Base */,
			);
			name = LaunchScreen.storyboard;
			sourceTree = "<group>";
		};
/* End PBXVariantGroup section */

/* Begin XCBuildConfiguration section */
		E4E2637B1E50BF1B00A9825A /* Debug */ = {
			isa = XCBuildConfiguration;
			buildSettings = {
				ALWAYS_SEARCH_USER_PATHS = NO;
				CLANG_ANALYZER_NONNULL = YES;
				CLANG_CXX_LANGUAGE_STANDARD = "gnu++0x";
				CLANG_CXX_LIBRARY = "libc++";
				CLANG_ENABLE_MODULES = YES;
				CLANG_ENABLE_OBJC_ARC = YES;
				CLANG_WARN_BOOL_CONVERSION = YES;
				CLANG_WARN_CONSTANT_CONVERSION = YES;
				CLANG_WARN_DIRECT_OBJC_ISA_USAGE = YES_ERROR;
				CLANG_WARN_DOCUMENTATION_COMMENTS = YES;
				CLANG_WARN_EMPTY_BODY = YES;
				CLANG_WARN_ENUM_CONVERSION = YES;
				CLANG_WARN_INFINITE_RECURSION = YES;
				CLANG_WARN_INT_CONVERSION = YES;
				CLANG_WARN_OBJC_ROOT_CLASS = YES_ERROR;
				CLANG_WARN_SUSPICIOUS_MOVE = YES;
				CLANG_WARN_UNREACHABLE_CODE = YES;
				CLANG_WARN__DUPLICATE_METHOD_MATCH = YES;
				"CODE_SIGN_IDENTITY[sdk=iphoneos*]" = "iPhone Developer";
				COPY_PHASE_STRIP = NO;
				DEBUG_INFORMATION_FORMAT = dwarf;
				ENABLE_STRICT_OBJC_MSGSEND = YES;
				ENABLE_TESTABILITY = YES;
				GCC_C_LANGUAGE_STANDARD = gnu99;
				GCC_DYNAMIC_NO_PIC = NO;
				GCC_NO_COMMON_BLOCKS = YES;
				GCC_OPTIMIZATION_LEVEL = 0;
				GCC_PREPROCESSOR_DEFINITIONS = (
					"DEBUG=1",
					"$(inherited)",
				);
				GCC_WARN_64_TO_32_BIT_CONVERSION = YES;
				GCC_WARN_ABOUT_RETURN_TYPE = YES_ERROR;
				GCC_WARN_UNDECLARED_SELECTOR = YES;
				GCC_WARN_UNINITIALIZED_AUTOS = YES_AGGRESSIVE;
				GCC_WARN_UNUSED_FUNCTION = YES;
				GCC_WARN_UNUSED_VARIABLE = YES;
				IPHONEOS_DEPLOYMENT_TARGET = 10.2;
				MTL_ENABLE_DEBUG_INFO = YES;
				ONLY_ACTIVE_ARCH = YES;
				SDKROOT = iphoneos;
				SWIFT_ACTIVE_COMPILATION_CONDITIONS = DEBUG;
				SWIFT_OPTIMIZATION_LEVEL = "-Onone";
				TARGETED_DEVICE_FAMILY = "1,2";
			};
			name = Debug;
		};
		E4E2637C1E50BF1B00A9825A /* Release */ = {
			isa = XCBuildConfiguration;
			buildSettings = {
				ALWAYS_SEARCH_USER_PATHS = NO;
				CLANG_ANALYZER_NONNULL = YES;
				CLANG_CXX_LANGUAGE_STANDARD = "gnu++0x";
				CLANG_CXX_LIBRARY = "libc++";
				CLANG_ENABLE_MODULES = YES;
				CLANG_ENABLE_OBJC_ARC = YES;
				CLANG_WARN_BOOL_CONVERSION = YES;
				CLANG_WARN_CONSTANT_CONVERSION = YES;
				CLANG_WARN_DIRECT_OBJC_ISA_USAGE = YES_ERROR;
				CLANG_WARN_DOCUMENTATION_COMMENTS = YES;
				CLANG_WARN_EMPTY_BODY = YES;
				CLANG_WARN_ENUM_CONVERSION = YES;
				CLANG_WARN_INFINITE_RECURSION = YES;
				CLANG_WARN_INT_CONVERSION = YES;
				CLANG_WARN_OBJC_ROOT_CLASS = YES_ERROR;
				CLANG_WARN_SUSPICIOUS_MOVE = YES;
				CLANG_WARN_UNREACHABLE_CODE = YES;
				CLANG_WARN__DUPLICATE_METHOD_MATCH = YES;
				"CODE_SIGN_IDENTITY[sdk=iphoneos*]" = "iPhone Developer";
				COPY_PHASE_STRIP = NO;
				DEBUG_INFORMATION_FORMAT = "dwarf-with-dsym";
				ENABLE_NS_ASSERTIONS = NO;
				ENABLE_STRICT_OBJC_MSGSEND = YES;
				GCC_C_LANGUAGE_STANDARD = gnu99;
				GCC_NO_COMMON_BLOCKS = YES;
				GCC_WARN_64_TO_32_BIT_CONVERSION = YES;
				GCC_WARN_ABOUT_RETURN_TYPE = YES_ERROR;
				GCC_WARN_UNDECLARED_SELECTOR = YES;
				GCC_WARN_UNINITIALIZED_AUTOS = YES_AGGRESSIVE;
				GCC_WARN_UNUSED_FUNCTION = YES;
				GCC_WARN_UNUSED_VARIABLE = YES;
				IPHONEOS_DEPLOYMENT_TARGET = 10.2;
				MTL_ENABLE_DEBUG_INFO = NO;
				SDKROOT = iphoneos;
				SWIFT_OPTIMIZATION_LEVEL = "-Owholemodule";
				TARGETED_DEVICE_FAMILY = "1,2";
				VALIDATE_PRODUCT = YES;
			};
			name = Release;
		};
		E4E2637E1E50BF1B00A9825A /* Debug */ = {
			isa = XCBuildConfiguration;
			buildSettings = {
				ASSETCATALOG_COMPILER_APPICON_NAME = AppIcon;
				DEVELOPMENT_TEAM = SVB42GEJG6;
				INFOPLIST_FILE = ShakeMeSillyGame/Info.plist;
				LD_RUNPATH_SEARCH_PATHS = "$(inherited) @executable_path/Frameworks";
				PRODUCT_BUNDLE_IDENTIFIER = ShaneNoonan.ShakeMeSillyGame;
				PRODUCT_NAME = "$(TARGET_NAME)";
				SWIFT_VERSION = 3.0;
			};
			name = Debug;
		};
		E4E2637F1E50BF1B00A9825A /* Release */ = {
			isa = XCBuildConfiguration;
			buildSettings = {
				ASSETCATALOG_COMPILER_APPICON_NAME = AppIcon;
				DEVELOPMENT_TEAM = SVB42GEJG6;
				INFOPLIST_FILE = ShakeMeSillyGame/Info.plist;
				LD_RUNPATH_SEARCH_PATHS = "$(inherited) @executable_path/Frameworks";
				PRODUCT_BUNDLE_IDENTIFIER = ShaneNoonan.ShakeMeSillyGame;
				PRODUCT_NAME = "$(TARGET_NAME)";
				SWIFT_VERSION = 3.0;
			};
			name = Release;
		};
/* End XCBuildConfiguration section */

/* Begin XCConfigurationList section */
		E4E263631E50BF1A00A9825A /* Build configuration list for PBXProject "ShakeMeSillyGame" */ = {
			isa = XCConfigurationList;
			buildConfigurations = (
				E4E2637B1E50BF1B00A9825A /* Debug */,
				E4E2637C1E50BF1B00A9825A /* Release */,
			);
			defaultConfigurationIsVisible = 0;
			defaultConfigurationName = Release;
		};
		E4E2637D1E50BF1B00A9825A /* Build configuration list for PBXNativeTarget "ShakeMeSillyGame" */ = {
			isa = XCConfigurationList;
			buildConfigurations = (
				E4E2637E1E50BF1B00A9825A /* Debug */,
				E4E2637F1E50BF1B00A9825A /* Release */,
			);
			defaultConfigurationIsVisible = 0;
		};
/* End XCConfigurationList section */

/* Begin XCVersionGroup section */
		E4E263721E50BF1B00A9825A /* ShakeMeSillyGame.xcdatamodeld */ = {
			isa = XCVersionGroup;
			children = (
				E4E263731E50BF1B00A9825A /* ShakeMeSillyGame.xcdatamodel */,
			);
			currentVersion = E4E263731E50BF1B00A9825A /* ShakeMeSillyGame.xcdatamodel */;
			path = ShakeMeSillyGame.xcdatamodeld;
			sourceTree = "<group>";
			versionGroupType = wrapper.xcdatamodel;
		};
/* End XCVersionGroup section */
	};
	rootObject = E4E263601E50BF1A00A9825A /* Project object */;
}
